
Microsoft Visual Studio Solution File, Format Version 12.00
# Visual Studio Version 16
VisualStudioVersion = 16.0.31613.86
MinimumVisualStudioVersion = 10.0.40219.1
Project("{FAE04EC0-301F-11D3-BF4B-00C04F79EFBC}") = "Senai_InLock_WEBAPI", "Senai_InLock_WEBAPI\Senai_InLock_WEBAPI.csproj", "{A8268EB1-A7BC-4B50-B270-6E32C3A46406}"
EndProject
Global
	GlobalSection(SolutionConfigurationPlatforms) = preSolution
		Debug|Any CPU = Debug|Any CPU
		Release|Any CPU = Release|Any CPU
	EndGlobalSection
	GlobalSection(ProjectConfigurationPlatforms) = postSolution
		{A8268EB1-A7BC-4B50-B270-6E32C3A46406}.Debug|Any CPU.ActiveCfg = Debug|Any CPU
		{A8268EB1-A7BC-4B50-B270-6E32C3A46406}.Debug|Any CPU.Build.0 = Debug|Any CPU
		{A8268EB1-A7BC-4B50-B270-6E32C3A46406}.Release|Any CPU.ActiveCfg = Release|Any CPU
		{A8268EB1-A7BC-4B50-B270-6E32C3A46406}.Release|Any CPU.Build.0 = Release|Any CPU
	EndGlobalSection
	GlobalSection(SolutionProperties) = preSolution
		HideSolutionNode = FALSE
	EndGlobalSection
	GlobalSection(ExtensibilityGlobals) = postSolution
		SolutionGuid = {040933C3-A3B9-4CFD-B880-C287F0295CC7}
	EndGlobalSection
EndGlobal
